
Microsoft Visual Studio Solution File, Format Version 12.00
# Visual Studio Version 16
VisualStudioVersion = 16.0.31229.75
MinimumVisualStudioVersion = 10.0.40219.1
Project("{9A19103F-16F7-4668-BE54-9A1E7A4F7556}") = "GreenLifeLib", "GreenLifeLib\GreenLifeLib.csproj", "{1207851C-B0EE-4E04-AB67-ECC630AE05B1}"
EndProject
Project("{9A19103F-16F7-4668-BE54-9A1E7A4F7556}") = "GreenLife", "GreenLife\GreenLife.csproj", "{080B0BE3-4162-4E4E-8FCC-8DD3960F0D64}"
	ProjectSection(ProjectDependencies) = postProject
		{1207851C-B0EE-4E04-AB67-ECC630AE05B1} = {1207851C-B0EE-4E04-AB67-ECC630AE05B1}
	EndProjectSection
EndProject
Global
	GlobalSection(SolutionConfigurationPlatforms) = preSolution
		Debug|Any CPU = Debug|Any CPU
		Release|Any CPU = Release|Any CPU
	EndGlobalSection
	GlobalSection(ProjectConfigurationPlatforms) = postSolution
		{1207851C-B0EE-4E04-AB67-ECC630AE05B1}.Debug|Any CPU.ActiveCfg = Debug|Any CPU
		{1207851C-B0EE-4E04-AB67-ECC630AE05B1}.Debug|Any CPU.Build.0 = Debug|Any CPU
		{1207851C-B0EE-4E04-AB67-ECC630AE05B1}.Release|Any CPU.ActiveCfg = Release|Any CPU
		{1207851C-B0EE-4E04-AB67-ECC630AE05B1}.Release|Any CPU.Build.0 = Release|Any CPU
		{080B0BE3-4162-4E4E-8FCC-8DD3960F0D64}.Debug|Any CPU.ActiveCfg = Debug|Any CPU
		{080B0BE3-4162-4E4E-8FCC-8DD3960F0D64}.Debug|Any CPU.Build.0 = Debug|Any CPU
		{080B0BE3-4162-4E4E-8FCC-8DD3960F0D64}.Release|Any CPU.ActiveCfg = Release|Any CPU
		{080B0BE3-4162-4E4E-8FCC-8DD3960F0D64}.Release|Any CPU.Build.0 = Release|Any CPU
	EndGlobalSection
	GlobalSection(SolutionProperties) = preSolution
		HideSolutionNode = FALSE
	EndGlobalSection
	GlobalSection(ExtensibilityGlobals) = postSolution
		SolutionGuid = {3EAB8A93-D4A2-44A5-A6B7-7F6DC37D88AA}
	EndGlobalSection
EndGlobal
